// !$*UTF8*$!
{
	archiveVersion = 1;
	classes = {
	};
	objectVersion = 46;
	objects = {

/* Begin PBXBuildFile section */
		D0897A411DF0A5E50083F864 /* Parser.swift in Sources */ = {isa = PBXBuildFile; fileRef = D0897A401DF0A5E50083F864 /* Parser.swift */; };
		D0897A431DF0A7920083F864 /* Lexer.swift in Sources */ = {isa = PBXBuildFile; fileRef = D0897A421DF0A7920083F864 /* Lexer.swift */; };
		D0897A451DF0A8270083F864 /* Nodes.swift in Sources */ = {isa = PBXBuildFile; fileRef = D0897A441DF0A8270083F864 /* Nodes.swift */; };
		D0B040971DEB1320001E816E /* AppDelegate.swift in Sources */ = {isa = PBXBuildFile; fileRef = D0B040961DEB1320001E816E /* AppDelegate.swift */; };
		D0B040991DEB1320001E816E /* Assets.xcassets in Resources */ = {isa = PBXBuildFile; fileRef = D0B040981DEB1320001E816E /* Assets.xcassets */; };
		D0B0409C1DEB1320001E816E /* MainMenu.xib in Resources */ = {isa = PBXBuildFile; fileRef = D0B0409A1DEB1320001E816E /* MainMenu.xib */; };
		D0D69C711DF20E9000DEAFAB /* Calculator.swift in Sources */ = {isa = PBXBuildFile; fileRef = D0D69C701DF20E9000DEAFAB /* Calculator.swift */; };
		D0D69C741DF335A200DEAFAB /* OutputTextField.swift in Sources */ = {isa = PBXBuildFile; fileRef = D0D69C731DF335A200DEAFAB /* OutputTextField.swift */; };
/* End PBXBuildFile section */

/* Begin PBXFileReference section */
		D0897A401DF0A5E50083F864 /* Parser.swift */ = {isa = PBXFileReference; fileEncoding = 4; lastKnownFileType = sourcecode.swift; path = Parser.swift; sourceTree = "<group>"; };
		D0897A421DF0A7920083F864 /* Lexer.swift */ = {isa = PBXFileReference; fileEncoding = 4; lastKnownFileType = sourcecode.swift; path = Lexer.swift; sourceTree = "<group>"; };
		D0897A441DF0A8270083F864 /* Nodes.swift */ = {isa = PBXFileReference; fileEncoding = 4; lastKnownFileType = sourcecode.swift; path = Nodes.swift; sourceTree = "<group>"; };
		D0B040931DEB1320001E816E /* Calculator.app */ = {isa = PBXFileReference; explicitFileType = wrapper.application; includeInIndex = 0; path = Calculator.app; sourceTree = BUILT_PRODUCTS_DIR; };
		D0B040961DEB1320001E816E /* AppDelegate.swift */ = {isa = PBXFileReference; lastKnownFileType = sourcecode.swift; path = AppDelegate.swift; sourceTree = "<group>"; };
		D0B040981DEB1320001E816E /* Assets.xcassets */ = {isa = PBXFileReference; lastKnownFileType = folder.assetcatalog; path = Assets.xcassets; sourceTree = "<group>"; };
		D0B0409B1DEB1320001E816E /* Base */ = {isa = PBXFileReference; lastKnownFileType = file.xib; name = Base; path = Base.lproj/MainMenu.xib; sourceTree = "<group>"; };
		D0B0409D1DEB1320001E816E /* Info.plist */ = {isa = PBXFileReference; lastKnownFileType = text.plist.xml; path = Info.plist; sourceTree = "<group>"; };
		D0D69C701DF20E9000DEAFAB /* Calculator.swift */ = {isa = PBXFileReference; fileEncoding = 4; lastKnownFileType = sourcecode.swift; path = Calculator.swift; sourceTree = "<group>"; };
		D0D69C731DF335A200DEAFAB /* OutputTextField.swift */ = {isa = PBXFileReference; fileEncoding = 4; lastKnownFileType = sourcecode.swift; path = OutputTextField.swift; sourceTree = "<group>"; };
/* End PBXFileReference section */

/* Begin PBXFrameworksBuildPhase section */
		D0B040901DEB131F001E816E /* Frameworks */ = {
			isa = PBXFrameworksBuildPhase;
			buildActionMask = 2147483647;
			files = (
			);
			runOnlyForDeploymentPostprocessing = 0;
		};
/* End PBXFrameworksBuildPhase section */

/* Begin PBXGroup section */
		D0B0408A1DEB131F001E816E = {
			isa = PBXGroup;
			children = (
				D0B040951DEB1320001E816E /* Calculator */,
				D0B040941DEB1320001E816E /* Products */,
			);
			sourceTree = "<group>";
		};
		D0B040941DEB1320001E816E /* Products */ = {
			isa = PBXGroup;
			children = (
				D0B040931DEB1320001E816E /* Calculator.app */,
			);
			name = Products;
			sourceTree = "<group>";
		};
		D0B040951DEB1320001E816E /* Calculator */ = {
			isa = PBXGroup;
			children = (
				D0B040981DEB1320001E816E /* Assets.xcassets */,
				D0B0409A1DEB1320001E816E /* MainMenu.xib */,
				D0D69C731DF335A200DEAFAB /* OutputTextField.swift */,
				D0B0409D1DEB1320001E816E /* Info.plist */,
				D0B040961DEB1320001E816E /* AppDelegate.swift */,
				D0D69C701DF20E9000DEAFAB /* Calculator.swift */,
				D0897A401DF0A5E50083F864 /* Parser.swift */,
				D0897A421DF0A7920083F864 /* Lexer.swift */,
				D0897A441DF0A8270083F864 /* Nodes.swift */,
			);
			path = Calculator;
			sourceTree = "<group>";
		};
/* End PBXGroup section */

/* Begin PBXNativeTarget section */
		D0B040921DEB131F001E816E /* Calculator */ = {
			isa = PBXNativeTarget;
			buildConfigurationList = D0B040A01DEB1320001E816E /* Build configuration list for PBXNativeTarget "Calculator" */;
			buildPhases = (
				D0B0408F1DEB131F001E816E /* Sources */,
				D0B040901DEB131F001E816E /* Frameworks */,
				D0B040911DEB131F001E816E /* Resources */,
			);
			buildRules = (
			);
			dependencies = (
			);
			name = Calculator;
			productName = Calculator;
			productReference = D0B040931DEB1320001E816E /* Calculator.app */;
			productType = "com.apple.product-type.application";
		};
/* End PBXNativeTarget section */

/* Begin PBXProject section */
		D0B0408B1DEB131F001E816E /* Project object */ = {
			isa = PBXProject;
			attributes = {
				LastSwiftUpdateCheck = 0810;
				LastUpgradeCheck = 0810;
				ORGANIZATIONNAME = "Peter Vorwieger";
				TargetAttributes = {
					D0B040921DEB131F001E816E = {
						CreatedOnToolsVersion = 8.1;
						DevelopmentTeam = CVCAS47FPX;
						LastSwiftMigration = 0810;
						ProvisioningStyle = Automatic;
					};
				};
			};
			buildConfigurationList = D0B0408E1DEB131F001E816E /* Build configuration list for PBXProject "Calculator" */;
			compatibilityVersion = "Xcode 3.2";
			developmentRegion = English;
			hasScannedForEncodings = 0;
			knownRegions = (
				en,
				Base,
			);
			mainGroup = D0B0408A1DEB131F001E816E;
			productRefGroup = D0B040941DEB1320001E816E /* Products */;
			projectDirPath = "";
			projectRoot = "";
			targets = (
				D0B040921DEB131F001E816E /* Calculator */,
			);
		};
/* End PBXProject section */

/* Begin PBXResourcesBuildPhase section */
		D0B040911DEB131F001E816E /* Resources */ = {
			isa = PBXResourcesBuildPhase;
			buildActionMask = 2147483647;
			files = (
				D0B040991DEB1320001E816E /* Assets.xcassets in Resources */,
				D0B0409C1DEB1320001E816E /* MainMenu.xib in Resources */,
			);
			runOnlyForDeploymentPostprocessing = 0;
		};
/* End PBXResourcesBuildPhase section */

/* Begin PBXSourcesBuildPhase section */
		D0B0408F1DEB131F001E816E /* Sources */ = {
			isa = PBXSourcesBuildPhase;
			buildActionMask = 2147483647;
			files = (
				D0897A411DF0A5E50083F864 /* Parser.swift in Sources */,
				D0897A431DF0A7920083F864 /* Lexer.swift in Sources */,
				D0B040971DEB1320001E816E /* AppDelegate.swift in Sources */,
				D0D69C711DF20E9000DEAFAB /* Calculator.swift in Sources */,
				D0D69C741DF335A200DEAFAB /* OutputTextField.swift in Sources */,
				D0897A451DF0A8270083F864 /* Nodes.swift in Sources */,
			);
			runOnlyForDeploymentPostprocessing = 0;
		};
/* End PBXSourcesBuildPhase section */

/* Begin PBXVariantGroup section */
		D0B0409A1DEB1320001E816E /* MainMenu.xib */ = {
			isa = PBXVariantGroup;
			children = (
				D0B0409B1DEB1320001E816E /* Base */,
			);
			name = MainMenu.xib;
			sourceTree = "<group>";
		};
/* End PBXVariantGroup section */

/* Begin XCBuildConfiguration section */
		D0B0409E1DEB1320001E816E /* Debug */ = {
			isa = XCBuildConfiguration;
			buildSettings = {
				ALWAYS_SEARCH_USER_PATHS = NO;
				CLANG_ANALYZER_NONNULL = YES;
				CLANG_CXX_LANGUAGE_STANDARD = "gnu++0x";
				CLANG_CXX_LIBRARY = "libc++";
				CLANG_ENABLE_MODULES = YES;
				CLANG_ENABLE_OBJC_ARC = YES;
				CLANG_WARN_BOOL_CONVERSION = YES;
				CLANG_WARN_CONSTANT_CONVERSION = YES;
				CLANG_WARN_DIRECT_OBJC_ISA_USAGE = YES_ERROR;
				CLANG_WARN_DOCUMENTATION_COMMENTS = YES;
				CLANG_WARN_EMPTY_BODY = YES;
				CLANG_WARN_ENUM_CONVERSION = YES;
				CLANG_WARN_INFINITE_RECURSION = YES;
				CLANG_WARN_INT_CONVERSION = YES;
				CLANG_WARN_OBJC_ROOT_CLASS = YES_ERROR;
				CLANG_WARN_SUSPICIOUS_MOVE = YES;
				CLANG_WARN_SUSPICIOUS_MOVES = YES;
				CLANG_WARN_UNREACHABLE_CODE = YES;
				CLANG_WARN__DUPLICATE_METHOD_MATCH = YES;
				CODE_SIGN_IDENTITY = "-";
				COPY_PHASE_STRIP = NO;
				DEBUG_INFORMATION_FORMAT = dwarf;
				ENABLE_STRICT_OBJC_MSGSEND = YES;
				ENABLE_TESTABILITY = YES;
				GCC_C_LANGUAGE_STANDARD = gnu99;
				GCC_DYNAMIC_NO_PIC = NO;
				GCC_NO_COMMON_BLOCKS = YES;
				GCC_OPTIMIZATION_LEVEL = 0;
				GCC_PREPROCESSOR_DEFINITIONS = (
					"DEBUG=1",
					"$(inherited)",
				);
				GCC_WARN_64_TO_32_BIT_CONVERSION = YES;
				GCC_WARN_ABOUT_RETURN_TYPE = YES_ERROR;
				GCC_WARN_UNDECLARED_SELECTOR = YES;
				GCC_WARN_UNINITIALIZED_AUTOS = YES_AGGRESSIVE;
				GCC_WARN_UNUSED_FUNCTION = YES;
				GCC_WARN_UNUSED_VARIABLE = YES;
				MACOSX_DEPLOYMENT_TARGET = 10.12;
				MTL_ENABLE_DEBUG_INFO = YES;
				ONLY_ACTIVE_ARCH = YES;
				SDKROOT = macosx;
				SWIFT_ACTIVE_COMPILATION_CONDITIONS = DEBUG;
				SWIFT_OPTIMIZATION_LEVEL = "-Onone";
			};
			name = Debug;
		};
		D0B0409F1DEB1320001E816E /* Release */ = {
			isa = XCBuildConfiguration;
			buildSettings = {
				ALWAYS_SEARCH_USER_PATHS = NO;
				CLANG_ANALYZER_NONNULL = YES;
				CLANG_CXX_LANGUAGE_STANDARD = "gnu++0x";
				CLANG_CXX_LIBRARY = "libc++";
				CLANG_ENABLE_MODULES = YES;
				CLANG_ENABLE_OBJC_ARC = YES;
				CLANG_WARN_BOOL_CONVERSION = YES;
				CLANG_WARN_CONSTANT_CONVERSION = YES;
				CLANG_WARN_DIRECT_OBJC_ISA_USAGE = YES_ERROR;
				CLANG_WARN_DOCUMENTATION_COMMENTS = YES;
				CLANG_WARN_EMPTY_BODY = YES;
				CLANG_WARN_ENUM_CONVERSION = YES;
				CLANG_WARN_INFINITE_RECURSION = YES;
				CLANG_WARN_INT_CONVERSION = YES;
				CLANG_WARN_OBJC_ROOT_CLASS = YES_ERROR;
				CLANG_WARN_SUSPICIOUS_MOVE = YES;
				CLANG_WARN_SUSPICIOUS_MOVES = YES;
				CLANG_WARN_UNREACHABLE_CODE = YES;
				CLANG_WARN__DUPLICATE_METHOD_MATCH = YES;
				CODE_SIGN_IDENTITY = "-";
				COPY_PHASE_STRIP = NO;
				DEBUG_INFORMATION_FORMAT = "dwarf-with-dsym";
				ENABLE_NS_ASSERTIONS = NO;
				ENABLE_STRICT_OBJC_MSGSEND = YES;
				GCC_C_LANGUAGE_STANDARD = gnu99;
				GCC_NO_COMMON_BLOCKS = YES;
				GCC_WARN_64_TO_32_BIT_CONVERSION = YES;
				GCC_WARN_ABOUT_RETURN_TYPE = YES_ERROR;
				GCC_WARN_UNDECLARED_SELECTOR = YES;
				GCC_WARN_UNINITIALIZED_AUTOS = YES_AGGRESSIVE;
				GCC_WARN_UNUSED_FUNCTION = YES;
				GCC_WARN_UNUSED_VARIABLE = YES;
				MACOSX_DEPLOYMENT_TARGET = 10.12;
				MTL_ENABLE_DEBUG_INFO = NO;
				SDKROOT = macosx;
				SWIFT_OPTIMIZATION_LEVEL = "-Owholemodule";
			};
			name = Release;
		};
		D0B040A11DEB1320001E816E /* Debug */ = {
			isa = XCBuildConfiguration;
			buildSettings = {
				ASSETCATALOG_COMPILER_APPICON_NAME = AppIcon;
				COMBINE_HIDPI_IMAGES = YES;
				DEVELOPMENT_TEAM = CVCAS47FPX;
				INFOPLIST_FILE = Calculator/Info.plist;
				LD_RUNPATH_SEARCH_PATHS = "$(inherited) @executable_path/../Frameworks";
				PRODUCT_BUNDLE_IDENTIFIER = de.codenuts.Calculator;
				PRODUCT_NAME = "$(TARGET_NAME)";
				SWIFT_VERSION = 3.0;
			};
			name = Debug;
		};
		D0B040A21DEB1320001E816E /* Release */ = {
			isa = XCBuildConfiguration;
			buildSettings = {
				ASSETCATALOG_COMPILER_APPICON_NAME = AppIcon;
				COMBINE_HIDPI_IMAGES = YES;
				DEVELOPMENT_TEAM = CVCAS47FPX;
				INFOPLIST_FILE = Calculator/Info.plist;
				LD_RUNPATH_SEARCH_PATHS = "$(inherited) @executable_path/../Frameworks";
				PRODUCT_BUNDLE_IDENTIFIER = de.codenuts.Calculator;
				PRODUCT_NAME = "$(TARGET_NAME)";
				SWIFT_VERSION = 3.0;
			};
			name = Release;
		};
/* End XCBuildConfiguration section */

/* Begin XCConfigurationList section */
		D0B0408E1DEB131F001E816E /* Build configuration list for PBXProject "Calculator" */ = {
			isa = XCConfigurationList;
			buildConfigurations = (
				D0B0409E1DEB1320001E816E /* Debug */,
				D0B0409F1DEB1320001E816E /* Release */,
			);
			defaultConfigurationIsVisible = 0;
			defaultConfigurationName = Release;
		};
		D0B040A01DEB1320001E816E /* Build configuration list for PBXNativeTarget "Calculator" */ = {
			isa = XCConfigurationList;
			buildConfigurations = (
				D0B040A11DEB1320001E816E /* Debug */,
				D0B040A21DEB1320001E816E /* Release */,
			);
			defaultConfigurationIsVisible = 0;
			defaultConfigurationName = Release;
		};
/* End XCConfigurationList section */
	};
	rootObject = D0B0408B1DEB131F001E816E /* Project object */;
}
